// !$*UTF8*$!
{
	archiveVersion = 1;
	classes = {
	};
	objectVersion = 77;
	objects = {

/* Begin PBXBuildFile section */
		A1EBF1F52D8284B1005314FC /* GoogleGenerativeAI in Frameworks */ = {isa = PBXBuildFile; productRef = A1EBF1F42D8284B1005314FC /* GoogleGenerativeAI */; };
/* End PBXBuildFile section */

/* Begin PBXContainerItemProxy section */
		A1EBF1D32D827E8D005314FC /* PBXContainerItemProxy */ = {
			isa = PBXContainerItemProxy;
			containerPortal = A1EBF1BA2D827E8C005314FC /* Project object */;
			proxyType = 1;
			remoteGlobalIDString = A1EBF1C12D827E8C005314FC;
			remoteInfo = GeminiAPI;
		};
		A1EBF1DD2D827E8D005314FC /* PBXContainerItemProxy */ = {
			isa = PBXContainerItemProxy;
			containerPortal = A1EBF1BA2D827E8C005314FC /* Project object */;
			proxyType = 1;
			remoteGlobalIDString = A1EBF1C12D827E8C005314FC;
			remoteInfo = GeminiAPI;
		};
/* End PBXContainerItemProxy section */

/* Begin PBXFileReference section */
		A1EBF1C22D827E8C005314FC /* GeminiAPI.app */ = {isa = PBXFileReference; explicitFileType = wrapper.application; includeInIndex = 0; path = GeminiAPI.app; sourceTree = BUILT_PRODUCTS_DIR; };
		A1EBF1D22D827E8D005314FC /* GeminiAPITests.xctest */ = {isa = PBXFileReference; explicitFileType = wrapper.cfbundle; includeInIndex = 0; path = GeminiAPITests.xctest; sourceTree = BUILT_PRODUCTS_DIR; };
		A1EBF1DC2D827E8D005314FC /* GeminiAPIUITests.xctest */ = {isa = PBXFileReference; explicitFileType = wrapper.cfbundle; includeInIndex = 0; path = GeminiAPIUITests.xctest; sourceTree = BUILT_PRODUCTS_DIR; };
/* End PBXFileReference section */

/* Begin PBXFileSystemSynchronizedBuildFileExceptionSet section */
		A1EBF1F02D828111005314FC /* Exceptions for "GeminiAPI" folder in "GeminiAPI" target */ = {
			isa = PBXFileSystemSynchronizedBuildFileExceptionSet;
			membershipExceptions = (
				Info.plist,
			);
			target = A1EBF1C12D827E8C005314FC /* GeminiAPI */;
		};
/* End PBXFileSystemSynchronizedBuildFileExceptionSet section */

/* Begin PBXFileSystemSynchronizedRootGroup section */
		A1EBF1C42D827E8C005314FC /* GeminiAPI */ = {
			isa = PBXFileSystemSynchronizedRootGroup;
			exceptions = (
				A1EBF1F02D828111005314FC /* Exceptions for "GeminiAPI" folder in "GeminiAPI" target */,
			);
			path = GeminiAPI;
			sourceTree = "<group>";
		};
		A1EBF1D52D827E8D005314FC /* GeminiAPITests */ = {
			isa = PBXFileSystemSynchronizedRootGroup;
			path = GeminiAPITests;
			sourceTree = "<group>";
		};
		A1EBF1DF2D827E8D005314FC /* GeminiAPIUITests */ = {
			isa = PBXFileSystemSynchronizedRootGroup;
			path = GeminiAPIUITests;
			sourceTree = "<group>";
		};
/* End PBXFileSystemSynchronizedRootGroup section */

/* Begin PBXFrameworksBuildPhase section */
		A1EBF1BF2D827E8C005314FC /* Frameworks */ = {
			isa = PBXFrameworksBuildPhase;
			buildActionMask = 2147483647;
			files = (
				A1EBF1F52D8284B1005314FC /* GoogleGenerativeAI in Frameworks */,
			);
			runOnlyForDeploymentPostprocessing = 0;
		};
		A1EBF1CF2D827E8D005314FC /* Frameworks */ = {
			isa = PBXFrameworksBuildPhase;
			buildActionMask = 2147483647;
			files = (
			);
			runOnlyForDeploymentPostprocessing = 0;
		};
		A1EBF1D92D827E8D005314FC /* Frameworks */ = {
			isa = PBXFrameworksBuildPhase;
			buildActionMask = 2147483647;
			files = (
			);
			runOnlyForDeploymentPostprocessing = 0;
		};
/* End PBXFrameworksBuildPhase section */

/* Begin PBXGroup section */
		A1EBF1B92D827E8C005314FC = {
			isa = PBXGroup;
			children = (
				A1EBF1C42D827E8C005314FC /* GeminiAPI */,
				A1EBF1D52D827E8D005314FC /* GeminiAPITests */,
				A1EBF1DF2D827E8D005314FC /* GeminiAPIUITests */,
				A1EBF1C32D827E8C005314FC /* Products */,
			);
			sourceTree = "<group>";
		};
		A1EBF1C32D827E8C005314FC /* Products */ = {
			isa = PBXGroup;
			children = (
				A1EBF1C22D827E8C005314FC /* GeminiAPI.app */,
				A1EBF1D22D827E8D005314FC /* GeminiAPITests.xctest */,
				A1EBF1DC2D827E8D005314FC /* GeminiAPIUITests.xctest */,
			);
			name = Products;
			sourceTree = "<group>";
		};
/* End PBXGroup section */

/* Begin PBXNativeTarget section */
		A1EBF1C12D827E8C005314FC /* GeminiAPI */ = {
			isa = PBXNativeTarget;
			buildConfigurationList = A1EBF1E62D827E8D005314FC /* Build configuration list for PBXNativeTarget "GeminiAPI" */;
			buildPhases = (
				A1EBF1BE2D827E8C005314FC /* Sources */,
				A1EBF1BF2D827E8C005314FC /* Frameworks */,
				A1EBF1C02D827E8C005314FC /* Resources */,
			);
			buildRules = (
			);
			dependencies = (
			);
			fileSystemSynchronizedGroups = (
				A1EBF1C42D827E8C005314FC /* GeminiAPI */,
			);
			name = GeminiAPI;
			packageProductDependencies = (
				A1EBF1F42D8284B1005314FC /* GoogleGenerativeAI */,
			);
			productName = GeminiAPI;
			productReference = A1EBF1C22D827E8C005314FC /* GeminiAPI.app */;
			productType = "com.apple.product-type.application";
		};
		A1EBF1D12D827E8D005314FC /* GeminiAPITests */ = {
			isa = PBXNativeTarget;
			buildConfigurationList = A1EBF1E92D827E8D005314FC /* Build configuration list for PBXNativeTarget "GeminiAPITests" */;
			buildPhases = (
				A1EBF1CE2D827E8D005314FC /* Sources */,
				A1EBF1CF2D827E8D005314FC /* Frameworks */,
				A1EBF1D02D827E8D005314FC /* Resources */,
			);
			buildRules = (
			);
			dependencies = (
				A1EBF1D42D827E8D005314FC /* PBXTargetDependency */,
			);
			fileSystemSynchronizedGroups = (
				A1EBF1D52D827E8D005314FC /* GeminiAPITests */,
			);
			name = GeminiAPITests;
			packageProductDependencies = (
			);
			productName = GeminiAPITests;
			productReference = A1EBF1D22D827E8D005314FC /* GeminiAPITests.xctest */;
			productType = "com.apple.product-type.bundle.unit-test";
		};
		A1EBF1DB2D827E8D005314FC /* GeminiAPIUITests */ = {
			isa = PBXNativeTarget;
			buildConfigurationList = A1EBF1EC2D827E8D005314FC /* Build configuration list for PBXNativeTarget "GeminiAPIUITests" */;
			buildPhases = (
				A1EBF1D82D827E8D005314FC /* Sources */,
				A1EBF1D92D827E8D005314FC /* Frameworks */,
				A1EBF1DA2D827E8D005314FC /* Resources */,
			);
			buildRules = (
			);
			dependencies = (
				A1EBF1DE2D827E8D005314FC /* PBXTargetDependency */,
			);
			fileSystemSynchronizedGroups = (
				A1EBF1DF2D827E8D005314FC /* GeminiAPIUITests */,
			);
			name = GeminiAPIUITests;
			packageProductDependencies = (
			);
			productName = GeminiAPIUITests;
			productReference = A1EBF1DC2D827E8D005314FC /* GeminiAPIUITests.xctest */;
			productType = "com.apple.product-type.bundle.ui-testing";
		};
/* End PBXNativeTarget section */

/* Begin PBXProject section */
		A1EBF1BA2D827E8C005314FC /* Project object */ = {
			isa = PBXProject;
			attributes = {
				BuildIndependentTargetsInParallel = 1;
				LastSwiftUpdateCheck = 1620;
				LastUpgradeCheck = 1620;
				TargetAttributes = {
					A1EBF1C12D827E8C005314FC = {
						CreatedOnToolsVersion = 16.2;
					};
					A1EBF1D12D827E8D005314FC = {
						CreatedOnToolsVersion = 16.2;
						TestTargetID = A1EBF1C12D827E8C005314FC;
					};
					A1EBF1DB2D827E8D005314FC = {
						CreatedOnToolsVersion = 16.2;
						TestTargetID = A1EBF1C12D827E8C005314FC;
					};
				};
			};
			buildConfigurationList = A1EBF1BD2D827E8C005314FC /* Build configuration list for PBXProject "GeminiAPI" */;
			developmentRegion = en;
			hasScannedForEncodings = 0;
			knownRegions = (
				en,
				Base,
			);
			mainGroup = A1EBF1B92D827E8C005314FC;
			minimizedProjectReferenceProxies = 1;
			packageReferences = (
				A1EBF1F32D828490005314FC /* XCRemoteSwiftPackageReference "generative-ai-swift" */,
			);
			preferredProjectObjectVersion = 77;
			productRefGroup = A1EBF1C32D827E8C005314FC /* Products */;
			projectDirPath = "";
			projectRoot = "";
			targets = (
				A1EBF1C12D827E8C005314FC /* GeminiAPI */,
				A1EBF1D12D827E8D005314FC /* GeminiAPITests */,
				A1EBF1DB2D827E8D005314FC /* GeminiAPIUITests */,
			);
		};
/* End PBXProject section */

/* Begin PBXResourcesBuildPhase section */
		A1EBF1C02D827E8C005314FC /* Resources */ = {
			isa = PBXResourcesBuildPhase;
			buildActionMask = 2147483647;
			files = (
			);
			runOnlyForDeploymentPostprocessing = 0;
		};
		A1EBF1D02D827E8D005314FC /* Resources */ = {
			isa = PBXResourcesBuildPhase;
			buildActionMask = 2147483647;
			files = (
			);
			runOnlyForDeploymentPostprocessing = 0;
		};
		A1EBF1DA2D827E8D005314FC /* Resources */ = {
			isa = PBXResourcesBuildPhase;
			buildActionMask = 2147483647;
			files = (
			);
			runOnlyForDeploymentPostprocessing = 0;
		};
/* End PBXResourcesBuildPhase section */

/* Begin PBXSourcesBuildPhase section */
		A1EBF1BE2D827E8C005314FC /* Sources */ = {
			isa = PBXSourcesBuildPhase;
			buildActionMask = 2147483647;
			files = (
			);
			runOnlyForDeploymentPostprocessing = 0;
		};
		A1EBF1CE2D827E8D005314FC /* Sources */ = {
			isa = PBXSourcesBuildPhase;
			buildActionMask = 2147483647;
			files = (
			);
			runOnlyForDeploymentPostprocessing = 0;
		};
		A1EBF1D82D827E8D005314FC /* Sources */ = {
			isa = PBXSourcesBuildPhase;
			buildActionMask = 2147483647;
			files = (
			);
			runOnlyForDeploymentPostprocessing = 0;
		};
/* End PBXSourcesBuildPhase section */

/* Begin PBXTargetDependency section */
		A1EBF1D42D827E8D005314FC /* PBXTargetDependency */ = {
			isa = PBXTargetDependency;
			target = A1EBF1C12D827E8C005314FC /* GeminiAPI */;
			targetProxy = A1EBF1D32D827E8D005314FC /* PBXContainerItemProxy */;
		};
		A1EBF1DE2D827E8D005314FC /* PBXTargetDependency */ = {
			isa = PBXTargetDependency;
			target = A1EBF1C12D827E8C005314FC /* GeminiAPI */;
			targetProxy = A1EBF1DD2D827E8D005314FC /* PBXContainerItemProxy */;
		};
/* End PBXTargetDependency section */

/* Begin XCBuildConfiguration section */
		A1EBF1E42D827E8D005314FC /* Debug */ = {
			isa = XCBuildConfiguration;
			buildSettings = {
				ALWAYS_SEARCH_USER_PATHS = NO;
				ASSETCATALOG_COMPILER_GENERATE_SWIFT_ASSET_SYMBOL_EXTENSIONS = YES;
				CLANG_ANALYZER_NONNULL = YES;
				CLANG_ANALYZER_NUMBER_OBJECT_CONVERSION = YES_AGGRESSIVE;
				CLANG_CXX_LANGUAGE_STANDARD = "gnu++20";
				CLANG_ENABLE_MODULES = YES;
				CLANG_ENABLE_OBJC_ARC = YES;
				CLANG_ENABLE_OBJC_WEAK = YES;
				CLANG_WARN_BLOCK_CAPTURE_AUTORELEASING = YES;
				CLANG_WARN_BOOL_CONVERSION = YES;
				CLANG_WARN_COMMA = YES;
				CLANG_WARN_CONSTANT_CONVERSION = YES;
				CLANG_WARN_DEPRECATED_OBJC_IMPLEMENTATIONS = YES;
				CLANG_WARN_DIRECT_OBJC_ISA_USAGE = YES_ERROR;
				CLANG_WARN_DOCUMENTATION_COMMENTS = YES;
				CLANG_WARN_EMPTY_BODY = YES;
				CLANG_WARN_ENUM_CONVERSION = YES;
				CLANG_WARN_INFINITE_RECURSION = YES;
				CLANG_WARN_INT_CONVERSION = YES;
				CLANG_WARN_NON_LITERAL_NULL_CONVERSION = YES;
				CLANG_WARN_OBJC_IMPLICIT_RETAIN_SELF = YES;
				CLANG_WARN_OBJC_LITERAL_CONVERSION = YES;
				CLANG_WARN_OBJC_ROOT_CLASS = YES_ERROR;
				CLANG_WARN_QUOTED_INCLUDE_IN_FRAMEWORK_HEADER = YES;
				CLANG_WARN_RANGE_LOOP_ANALYSIS = YES;
				CLANG_WARN_STRICT_PROTOTYPES = YES;
				CLANG_WARN_SUSPICIOUS_MOVE = YES;
				CLANG_WARN_UNGUARDED_AVAILABILITY = YES_AGGRESSIVE;
				CLANG_WARN_UNREACHABLE_CODE = YES;
				CLANG_WARN__DUPLICATE_METHOD_MATCH = YES;
				COPY_PHASE_STRIP = NO;
				DEBUG_INFORMATION_FORMAT = dwarf;
				ENABLE_STRICT_OBJC_MSGSEND = YES;
				ENABLE_TESTABILITY = YES;
				ENABLE_USER_SCRIPT_SANDBOXING = YES;
				GCC_C_LANGUAGE_STANDARD = gnu17;
				GCC_DYNAMIC_NO_PIC = NO;
				GCC_NO_COMMON_BLOCKS = YES;
				GCC_OPTIMIZATION_LEVEL = 0;
				GCC_PREPROCESSOR_DEFINITIONS = (
					"DEBUG=1",
					"$(inherited)",
				);
				GCC_WARN_64_TO_32_BIT_CONVERSION = YES;
				GCC_WARN_ABOUT_RETURN_TYPE = YES_ERROR;
				GCC_WARN_UNDECLARED_SELECTOR = YES;
				GCC_WARN_UNINITIALIZED_AUTOS = YES_AGGRESSIVE;
				GCC_WARN_UNUSED_FUNCTION = YES;
				GCC_WARN_UNUSED_VARIABLE = YES;
				IPHONEOS_DEPLOYMENT_TARGET = 18.2;
				LOCALIZATION_PREFERS_STRING_CATALOGS = YES;
				MTL_ENABLE_DEBUG_INFO = INCLUDE_SOURCE;
				MTL_FAST_MATH = YES;
				ONLY_ACTIVE_ARCH = YES;
				SDKROOT = iphoneos;
				SWIFT_ACTIVE_COMPILATION_CONDITIONS = "DEBUG $(inherited)";
				SWIFT_OPTIMIZATION_LEVEL = "-Onone";
			};
			name = Debug;
		};
		A1EBF1E52D827E8D005314FC /* Release */ = {
			isa = XCBuildConfiguration;
			buildSettings = {
				ALWAYS_SEARCH_USER_PATHS = NO;
				ASSETCATALOG_COMPILER_GENERATE_SWIFT_ASSET_SYMBOL_EXTENSIONS = YES;
				CLANG_ANALYZER_NONNULL = YES;
				CLANG_ANALYZER_NUMBER_OBJECT_CONVERSION = YES_AGGRESSIVE;
				CLANG_CXX_LANGUAGE_STANDARD = "gnu++20";
				CLANG_ENABLE_MODULES = YES;
				CLANG_ENABLE_OBJC_ARC = YES;
				CLANG_ENABLE_OBJC_WEAK = YES;
				CLANG_WARN_BLOCK_CAPTURE_AUTORELEASING = YES;
				CLANG_WARN_BOOL_CONVERSION = YES;
				CLANG_WARN_COMMA = YES;
				CLANG_WARN_CONSTANT_CONVERSION = YES;
				CLANG_WARN_DEPRECATED_OBJC_IMPLEMENTATIONS = YES;
				CLANG_WARN_DIRECT_OBJC_ISA_USAGE = YES_ERROR;
				CLANG_WARN_DOCUMENTATION_COMMENTS = YES;
				CLANG_WARN_EMPTY_BODY = YES;
				CLANG_WARN_ENUM_CONVERSION = YES;
				CLANG_WARN_INFINITE_RECURSION = YES;
				CLANG_WARN_INT_CONVERSION = YES;
				CLANG_WARN_NON_LITERAL_NULL_CONVERSION = YES;
				CLANG_WARN_OBJC_IMPLICIT_RETAIN_SELF = YES;
				CLANG_WARN_OBJC_LITERAL_CONVERSION = YES;
				CLANG_WARN_OBJC_ROOT_CLASS = YES_ERROR;
				CLANG_WARN_QUOTED_INCLUDE_IN_FRAMEWORK_HEADER = YES;
				CLANG_WARN_RANGE_LOOP_ANALYSIS = YES;
				CLANG_WARN_STRICT_PROTOTYPES = YES;
				CLANG_WARN_SUSPICIOUS_MOVE = YES;
				CLANG_WARN_UNGUARDED_AVAILABILITY = YES_AGGRESSIVE;
				CLANG_WARN_UNREACHABLE_CODE = YES;
				CLANG_WARN__DUPLICATE_METHOD_MATCH = YES;
				COPY_PHASE_STRIP = NO;
				DEBUG_INFORMATION_FORMAT = "dwarf-with-dsym";
				ENABLE_NS_ASSERTIONS = NO;
				ENABLE_STRICT_OBJC_MSGSEND = YES;
				ENABLE_USER_SCRIPT_SANDBOXING = YES;
				GCC_C_LANGUAGE_STANDARD = gnu17;
				GCC_NO_COMMON_BLOCKS = YES;
				GCC_WARN_64_TO_32_BIT_CONVERSION = YES;
				GCC_WARN_ABOUT_RETURN_TYPE = YES_ERROR;
				GCC_WARN_UNDECLARED_SELECTOR = YES;
				GCC_WARN_UNINITIALIZED_AUTOS = YES_AGGRESSIVE;
				GCC_WARN_UNUSED_FUNCTION = YES;
				GCC_WARN_UNUSED_VARIABLE = YES;
				IPHONEOS_DEPLOYMENT_TARGET = 18.2;
				LOCALIZATION_PREFERS_STRING_CATALOGS = YES;
				MTL_ENABLE_DEBUG_INFO = NO;
				MTL_FAST_MATH = YES;
				SDKROOT = iphoneos;
				SWIFT_COMPILATION_MODE = wholemodule;
				VALIDATE_PRODUCT = YES;
			};
			name = Release;
		};
		A1EBF1E72D827E8D005314FC /* Debug */ = {
			isa = XCBuildConfiguration;
			buildSettings = {
				ASSETCATALOG_COMPILER_APPICON_NAME = AppIcon;
				ASSETCATALOG_COMPILER_GLOBAL_ACCENT_COLOR_NAME = AccentColor;
				CODE_SIGN_STYLE = Automatic;
				CURRENT_PROJECT_VERSION = 1;
				DEVELOPMENT_ASSET_PATHS = "\"GeminiAPI/Preview Content\"";
				DEVELOPMENT_TEAM = NS9C26NG58;
				ENABLE_PREVIEWS = YES;
				GENERATE_INFOPLIST_FILE = YES;
				INFOPLIST_FILE = GeminiAPI/Info.plist;
				INFOPLIST_KEY_UIApplicationSceneManifest_Generation = YES;
				INFOPLIST_KEY_UIApplicationSupportsIndirectInputEvents = YES;
				INFOPLIST_KEY_UILaunchScreen_Generation = YES;
				INFOPLIST_KEY_UISupportedInterfaceOrientations_iPad = "UIInterfaceOrientationPortrait UIInterfaceOrientationPortraitUpsideDown UIInterfaceOrientationLandscapeLeft UIInterfaceOrientationLandscapeRight";
				INFOPLIST_KEY_UISupportedInterfaceOrientations_iPhone = "UIInterfaceOrientationPortrait UIInterfaceOrientationLandscapeLeft UIInterfaceOrientationLandscapeRight";
				LD_RUNPATH_SEARCH_PATHS = (
					"$(inherited)",
					"@executable_path/Frameworks",
				);
				MARKETING_VERSION = 1.0;
				PRODUCT_BUNDLE_IDENTIFIER = ntut.GeminiAPI;
				PRODUCT_NAME = "$(TARGET_NAME)";
				SWIFT_EMIT_LOC_STRINGS = YES;
				SWIFT_VERSION = 5.0;
				TARGETED_DEVICE_FAMILY = "1,2";
			};
			name = Debug;
		};
		A1EBF1E82D827E8D005314FC /* Release */ = {
			isa = XCBuildConfiguration;
			buildSettings = {
				ASSETCATALOG_COMPILER_APPICON_NAME = AppIcon;
				ASSETCATALOG_COMPILER_GLOBAL_ACCENT_COLOR_NAME = AccentColor;
				CODE_SIGN_STYLE = Automatic;
				CURRENT_PROJECT_VERSION = 1;
				DEVELOPMENT_ASSET_PATHS = "\"GeminiAPI/Preview Content\"";
				DEVELOPMENT_TEAM = NS9C26NG58;
				ENABLE_PREVIEWS = YES;
				GENERATE_INFOPLIST_FILE = YES;
				INFOPLIST_FILE = GeminiAPI/Info.plist;
				INFOPLIST_KEY_UIApplicationSceneManifest_Generation = YES;
				INFOPLIST_KEY_UIApplicationSupportsIndirectInputEvents = YES;
				INFOPLIST_KEY_UILaunchScreen_Generation = YES;
				INFOPLIST_KEY_UISupportedInterfaceOrientations_iPad = "UIInterfaceOrientationPortrait UIInterfaceOrientationPortraitUpsideDown UIInterfaceOrientationLandscapeLeft UIInterfaceOrientationLandscapeRight";
				INFOPLIST_KEY_UISupportedInterfaceOrientations_iPhone = "UIInterfaceOrientationPortrait UIInterfaceOrientationLandscapeLeft UIInterfaceOrientationLandscapeRight";
				LD_RUNPATH_SEARCH_PATHS = (
					"$(inherited)",
					"@executable_path/Frameworks",
				);
				MARKETING_VERSION = 1.0;
				PRODUCT_BUNDLE_IDENTIFIER = ntut.GeminiAPI;
				PRODUCT_NAME = "$(TARGET_NAME)";
				SWIFT_EMIT_LOC_STRINGS = YES;
				SWIFT_VERSION = 5.0;
				TARGETED_DEVICE_FAMILY = "1,2";
			};
			name = Release;
		};
		A1EBF1EA2D827E8D005314FC /* Debug */ = {
			isa = XCBuildConfiguration;
			buildSettings = {
				BUNDLE_LOADER = "$(TEST_HOST)";
				CODE_SIGN_STYLE = Automatic;
				CURRENT_PROJECT_VERSION = 1;
				DEVELOPMENT_TEAM = NS9C26NG58;
				GENERATE_INFOPLIST_FILE = YES;
				IPHONEOS_DEPLOYMENT_TARGET = 18.2;
				MARKETING_VERSION = 1.0;
				PRODUCT_BUNDLE_IDENTIFIER = ntut.GeminiAPITests;
				PRODUCT_NAME = "$(TARGET_NAME)";
				SWIFT_EMIT_LOC_STRINGS = NO;
				SWIFT_VERSION = 5.0;
				TARGETED_DEVICE_FAMILY = "1,2";
				TEST_HOST = "$(BUILT_PRODUCTS_DIR)/GeminiAPI.app/$(BUNDLE_EXECUTABLE_FOLDER_PATH)/GeminiAPI";
			};
			name = Debug;
		};
		A1EBF1EB2D827E8D005314FC /* Release */ = {
			isa = XCBuildConfiguration;
			buildSettings = {
				BUNDLE_LOADER = "$(TEST_HOST)";
				CODE_SIGN_STYLE = Automatic;
				CURRENT_PROJECT_VERSION = 1;
				DEVELOPMENT_TEAM = NS9C26NG58;
				GENERATE_INFOPLIST_FILE = YES;
				IPHONEOS_DEPLOYMENT_TARGET = 18.2;
				MARKETING_VERSION = 1.0;
				PRODUCT_BUNDLE_IDENTIFIER = ntut.GeminiAPITests;
				PRODUCT_NAME = "$(TARGET_NAME)";
				SWIFT_EMIT_LOC_STRINGS = NO;
				SWIFT_VERSION = 5.0;
				TARGETED_DEVICE_FAMILY = "1,2";
				TEST_HOST = "$(BUILT_PRODUCTS_DIR)/GeminiAPI.app/$(BUNDLE_EXECUTABLE_FOLDER_PATH)/GeminiAPI";
			};
			name = Release;
		};
		A1EBF1ED2D827E8D005314FC /* Debug */ = {
			isa = XCBuildConfiguration;
			buildSettings = {
				CODE_SIGN_STYLE = Automatic;
				CURRENT_PROJECT_VERSION = 1;
				DEVELOPMENT_TEAM = NS9C26NG58;
				GENERATE_INFOPLIST_FILE = YES;
				MARKETING_VERSION = 1.0;
				PRODUCT_BUNDLE_IDENTIFIER = ntut.GeminiAPIUITests;
				PRODUCT_NAME = "$(TARGET_NAME)";
				SWIFT_EMIT_LOC_STRINGS = NO;
				SWIFT_VERSION = 5.0;
				TARGETED_DEVICE_FAMILY = "1,2";
				TEST_TARGET_NAME = GeminiAPI;
			};
			name = Debug;
		};
		A1EBF1EE2D827E8D005314FC /* Release */ = {
			isa = XCBuildConfiguration;
			buildSettings = {
				CODE_SIGN_STYLE = Automatic;
				CURRENT_PROJECT_VERSION = 1;
				DEVELOPMENT_TEAM = NS9C26NG58;
				GENERATE_INFOPLIST_FILE = YES;
				MARKETING_VERSION = 1.0;
				PRODUCT_BUNDLE_IDENTIFIER = ntut.GeminiAPIUITests;
				PRODUCT_NAME = "$(TARGET_NAME)";
				SWIFT_EMIT_LOC_STRINGS = NO;
				SWIFT_VERSION = 5.0;
				TARGETED_DEVICE_FAMILY = "1,2";
				TEST_TARGET_NAME = GeminiAPI;
			};
			name = Release;
		};
/* End XCBuildConfiguration section */

/* Begin XCConfigurationList section */
		A1EBF1BD2D827E8C005314FC /* Build configuration list for PBXProject "GeminiAPI" */ = {
			isa = XCConfigurationList;
			buildConfigurations = (
				A1EBF1E42D827E8D005314FC /* Debug */,
				A1EBF1E52D827E8D005314FC /* Release */,
			);
			defaultConfigurationIsVisible = 0;
			defaultConfigurationName = Release;
		};
		A1EBF1E62D827E8D005314FC /* Build configuration list for PBXNativeTarget "GeminiAPI" */ = {
			isa = XCConfigurationList;
			buildConfigurations = (
				A1EBF1E72D827E8D005314FC /* Debug */,
				A1EBF1E82D827E8D005314FC /* Release */,
			);
			defaultConfigurationIsVisible = 0;
			defaultConfigurationName = Release;
		};
		A1EBF1E92D827E8D005314FC /* Build configuration list for PBXNativeTarget "GeminiAPITests" */ = {
			isa = XCConfigurationList;
			buildConfigurations = (
				A1EBF1EA2D827E8D005314FC /* Debug */,
				A1EBF1EB2D827E8D005314FC /* Release */,
			);
			defaultConfigurationIsVisible = 0;
			defaultConfigurationName = Release;
		};
		A1EBF1EC2D827E8D005314FC /* Build configuration list for PBXNativeTarget "GeminiAPIUITests" */ = {
			isa = XCConfigurationList;
			buildConfigurations = (
				A1EBF1ED2D827E8D005314FC /* Debug */,
				A1EBF1EE2D827E8D005314FC /* Release */,
			);
			defaultConfigurationIsVisible = 0;
			defaultConfigurationName = Release;
		};
/* End XCConfigurationList section */

/* Begin XCRemoteSwiftPackageReference section */
		A1EBF1F32D828490005314FC /* XCRemoteSwiftPackageReference "generative-ai-swift" */ = {
			isa = XCRemoteSwiftPackageReference;
			repositoryURL = "https://github.com/google/generative-ai-swift";
			requirement = {
				kind = upToNextMajorVersion;
				minimumVersion = 0.5.6;
			};
		};
/* End XCRemoteSwiftPackageReference section */

/* Begin XCSwiftPackageProductDependency section */
		A1EBF1F42D8284B1005314FC /* GoogleGenerativeAI */ = {
			isa = XCSwiftPackageProductDependency;
			package = A1EBF1F32D828490005314FC /* XCRemoteSwiftPackageReference "generative-ai-swift" */;
			productName = GoogleGenerativeAI;
		};
/* End XCSwiftPackageProductDependency section */
	};
	rootObject = A1EBF1BA2D827E8C005314FC /* Project object */;
}
